
Microsoft Visual Studio Solution File, Format Version 12.00
# Visual Studio 14
VisualStudioVersion = 14.0.25420.1
MinimumVisualStudioVersion = 10.0.40219.1
Project("{FAE04EC0-301F-11D3-BF4B-00C04F79EFBC}") = "Garage.Console", "Garage.Console\Garage.Console.csproj", "{D2A9F15C-C58E-46B6-AD82-7581A76727CB}"
EndProject
Project("{2150E333-8FDC-42A3-9474-1A3956D46DE8}") = "DataAccessLayer", "DataAccessLayer", "{FA5EECD7-ED8C-4325-A341-B235D54DDFAC}"
EndProject
Project("{2150E333-8FDC-42A3-9474-1A3956D46DE8}") = "BusinessLogicLayer", "BusinessLogicLayer", "{29527950-7963-4AF4-8F3D-08FEFEF342B5}"
EndProject
Project("{2150E333-8FDC-42A3-9474-1A3956D46DE8}") = "RepresentationLayer", "RepresentationLayer", "{AED642EF-1DDD-4E36-89EE-4D21025E6B06}"
EndProject
Project("{2150E333-8FDC-42A3-9474-1A3956D46DE8}") = "Tests", "Tests", "{7B60BE9F-107D-4C7C-BE65-4124EAFE6890}"
EndProject
Project("{FAE04EC0-301F-11D3-BF4B-00C04F79EFBC}") = "Garage.DAL.ServicesTests", "Garage.DAL.ServicesTests\Garage.DAL.ServicesTests.csproj", "{02EB0A0A-4DF0-46E0-AACE-D7CB8069D602}"
EndProject
Project("{FAE04EC0-301F-11D3-BF4B-00C04F79EFBC}") = "Garage.BLL.ServicesTests", "Garage.BLL.ServicesTests\Garage.BLL.ServicesTests.csproj", "{3F291831-6DD6-4FB0-BB10-A5BF26510881}"
EndProject
Project("{FAE04EC0-301F-11D3-BF4B-00C04F79EFBC}") = "Garage.RL", "Garage.RL\Garage.RL\Garage.RL.csproj", "{83E0AED6-609C-4725-A461-F708B24C0E5B}"
EndProject
Project("{FAE04EC0-301F-11D3-BF4B-00C04F79EFBC}") = "Garage.RL.Droid", "Garage.RL\Garage.RL.Droid\Garage.RL.Droid.csproj", "{6F5682DD-80E1-4096-8544-25A74C619865}"
EndProject
Project("{FAE04EC0-301F-11D3-BF4B-00C04F79EFBC}") = "Garage.RL.WinPhone", "Garage.RL\Garage.RL.WinPhone\Garage.RL.WinPhone.csproj", "{4DBE1318-BBB7-451F-BEF1-7D48A74F8BAD}"
EndProject
Project("{FAE04EC0-301F-11D3-BF4B-00C04F79EFBC}") = "Garage.BLL.Services", "Garage.BLL.Services\Garage.BLL.Services.csproj", "{A9003977-A981-4492-AE7D-36F19920487B}"
EndProject
Project("{FAE04EC0-301F-11D3-BF4B-00C04F79EFBC}") = "Garage.DAL.Entities", "Garage.DAL.Entities\Garage.DAL.Entities.csproj", "{57FFA247-FD95-43AC-B109-9D652C606B6D}"
EndProject
Project("{FAE04EC0-301F-11D3-BF4B-00C04F79EFBC}") = "Garage.DAL.Services", "Garage.DAL.Services\Garage.DAL.Services.csproj", "{747AA515-8748-46D6-A987-6BB7ABDC3879}"
EndProject
Global
	GlobalSection(SolutionConfigurationPlatforms) = preSolution
		Ad-Hoc|Any CPU = Ad-Hoc|Any CPU
		Ad-Hoc|ARM = Ad-Hoc|ARM
		Ad-Hoc|iPhone = Ad-Hoc|iPhone
		Ad-Hoc|iPhoneSimulator = Ad-Hoc|iPhoneSimulator
		Ad-Hoc|x64 = Ad-Hoc|x64
		Ad-Hoc|x86 = Ad-Hoc|x86
		AppStore|Any CPU = AppStore|Any CPU
		AppStore|ARM = AppStore|ARM
		AppStore|iPhone = AppStore|iPhone
		AppStore|iPhoneSimulator = AppStore|iPhoneSimulator
		AppStore|x64 = AppStore|x64
		AppStore|x86 = AppStore|x86
		Debug|Any CPU = Debug|Any CPU
		Debug|ARM = Debug|ARM
		Debug|iPhone = Debug|iPhone
		Debug|iPhoneSimulator = Debug|iPhoneSimulator
		Debug|x64 = Debug|x64
		Debug|x86 = Debug|x86
		Release|Any CPU = Release|Any CPU
		Release|ARM = Release|ARM
		Release|iPhone = Release|iPhone
		Release|iPhoneSimulator = Release|iPhoneSimulator
		Release|x64 = Release|x64
		Release|x86 = Release|x86
	EndGlobalSection
	GlobalSection(ProjectConfigurationPlatforms) = postSolution
		{D2A9F15C-C58E-46B6-AD82-7581A76727CB}.Ad-Hoc|Any CPU.ActiveCfg = Release|Any CPU
		{D2A9F15C-C58E-46B6-AD82-7581A76727CB}.Ad-Hoc|Any CPU.Build.0 = Release|Any CPU
		{D2A9F15C-C58E-46B6-AD82-7581A76727CB}.Ad-Hoc|ARM.ActiveCfg = Release|Any CPU
		{D2A9F15C-C58E-46B6-AD82-7581A76727CB}.Ad-Hoc|ARM.Build.0 = Release|Any CPU
		{D2A9F15C-C58E-46B6-AD82-7581A76727CB}.Ad-Hoc|iPhone.ActiveCfg = Release|Any CPU
		{D2A9F15C-C58E-46B6-AD82-7581A76727CB}.Ad-Hoc|iPhone.Build.0 = Release|Any CPU
		{D2A9F15C-C58E-46B6-AD82-7581A76727CB}.Ad-Hoc|iPhoneSimulator.ActiveCfg = Release|Any CPU
		{D2A9F15C-C58E-46B6-AD82-7581A76727CB}.Ad-Hoc|iPhoneSimulator.Build.0 = Release|Any CPU
		{D2A9F15C-C58E-46B6-AD82-7581A76727CB}.Ad-Hoc|x64.ActiveCfg = Release|Any CPU
		{D2A9F15C-C58E-46B6-AD82-7581A76727CB}.Ad-Hoc|x64.Build.0 = Release|Any CPU
		{D2A9F15C-C58E-46B6-AD82-7581A76727CB}.Ad-Hoc|x86.ActiveCfg = Release|Any CPU
		{D2A9F15C-C58E-46B6-AD82-7581A76727CB}.Ad-Hoc|x86.Build.0 = Release|Any CPU
		{D2A9F15C-C58E-46B6-AD82-7581A76727CB}.AppStore|Any CPU.ActiveCfg = Release|Any CPU
		{D2A9F15C-C58E-46B6-AD82-7581A76727CB}.AppStore|Any CPU.Build.0 = Release|Any CPU
		{D2A9F15C-C58E-46B6-AD82-7581A76727CB}.AppStore|ARM.ActiveCfg = Release|Any CPU
		{D2A9F15C-C58E-46B6-AD82-7581A76727CB}.AppStore|ARM.Build.0 = Release|Any CPU
		{D2A9F15C-C58E-46B6-AD82-7581A76727CB}.AppStore|iPhone.ActiveCfg = Release|Any CPU
		{D2A9F15C-C58E-46B6-AD82-7581A76727CB}.AppStore|iPhone.Build.0 = Release|Any CPU
		{D2A9F15C-C58E-46B6-AD82-7581A76727CB}.AppStore|iPhoneSimulator.ActiveCfg = Release|Any CPU
		{D2A9F15C-C58E-46B6-AD82-7581A76727CB}.AppStore|iPhoneSimulator.Build.0 = Release|Any CPU
		{D2A9F15C-C58E-46B6-AD82-7581A76727CB}.AppStore|x64.ActiveCfg = Release|Any CPU
		{D2A9F15C-C58E-46B6-AD82-7581A76727CB}.AppStore|x64.Build.0 = Release|Any CPU
		{D2A9F15C-C58E-46B6-AD82-7581A76727CB}.AppStore|x86.ActiveCfg = Release|Any CPU
		{D2A9F15C-C58E-46B6-AD82-7581A76727CB}.AppStore|x86.Build.0 = Release|Any CPU
		{D2A9F15C-C58E-46B6-AD82-7581A76727CB}.Debug|Any CPU.ActiveCfg = Debug|Any CPU
		{D2A9F15C-C58E-46B6-AD82-7581A76727CB}.Debug|Any CPU.Build.0 = Debug|Any CPU
		{D2A9F15C-C58E-46B6-AD82-7581A76727CB}.Debug|ARM.ActiveCfg = Debug|Any CPU
		{D2A9F15C-C58E-46B6-AD82-7581A76727CB}.Debug|ARM.Build.0 = Debug|Any CPU
		{D2A9F15C-C58E-46B6-AD82-7581A76727CB}.Debug|iPhone.ActiveCfg = Debug|Any CPU
		{D2A9F15C-C58E-46B6-AD82-7581A76727CB}.Debug|iPhone.Build.0 = Debug|Any CPU
		{D2A9F15C-C58E-46B6-AD82-7581A76727CB}.Debug|iPhoneSimulator.ActiveCfg = Debug|Any CPU
		{D2A9F15C-C58E-46B6-AD82-7581A76727CB}.Debug|iPhoneSimulator.Build.0 = Debug|Any CPU
		{D2A9F15C-C58E-46B6-AD82-7581A76727CB}.Debug|x64.ActiveCfg = Debug|Any CPU
		{D2A9F15C-C58E-46B6-AD82-7581A76727CB}.Debug|x64.Build.0 = Debug|Any CPU
		{D2A9F15C-C58E-46B6-AD82-7581A76727CB}.Debug|x86.ActiveCfg = Debug|Any CPU
		{D2A9F15C-C58E-46B6-AD82-7581A76727CB}.Debug|x86.Build.0 = Debug|Any CPU
		{D2A9F15C-C58E-46B6-AD82-7581A76727CB}.Release|Any CPU.ActiveCfg = Release|Any CPU
		{D2A9F15C-C58E-46B6-AD82-7581A76727CB}.Release|Any CPU.Build.0 = Release|Any CPU
		{D2A9F15C-C58E-46B6-AD82-7581A76727CB}.Release|ARM.ActiveCfg = Release|Any CPU
		{D2A9F15C-C58E-46B6-AD82-7581A76727CB}.Release|ARM.Build.0 = Release|Any CPU
		{D2A9F15C-C58E-46B6-AD82-7581A76727CB}.Release|iPhone.ActiveCfg = Release|Any CPU
		{D2A9F15C-C58E-46B6-AD82-7581A76727CB}.Release|iPhone.Build.0 = Release|Any CPU
		{D2A9F15C-C58E-46B6-AD82-7581A76727CB}.Release|iPhoneSimulator.ActiveCfg = Release|Any CPU
		{D2A9F15C-C58E-46B6-AD82-7581A76727CB}.Release|iPhoneSimulator.Build.0 = Release|Any CPU
		{D2A9F15C-C58E-46B6-AD82-7581A76727CB}.Release|x64.ActiveCfg = Release|Any CPU
		{D2A9F15C-C58E-46B6-AD82-7581A76727CB}.Release|x64.Build.0 = Release|Any CPU
		{D2A9F15C-C58E-46B6-AD82-7581A76727CB}.Release|x86.ActiveCfg = Release|Any CPU
		{D2A9F15C-C58E-46B6-AD82-7581A76727CB}.Release|x86.Build.0 = Release|Any CPU
		{02EB0A0A-4DF0-46E0-AACE-D7CB8069D602}.Ad-Hoc|Any CPU.ActiveCfg = Release|Any CPU
		{02EB0A0A-4DF0-46E0-AACE-D7CB8069D602}.Ad-Hoc|Any CPU.Build.0 = Release|Any CPU
		{02EB0A0A-4DF0-46E0-AACE-D7CB8069D602}.Ad-Hoc|ARM.ActiveCfg = Release|Any CPU
		{02EB0A0A-4DF0-46E0-AACE-D7CB8069D602}.Ad-Hoc|ARM.Build.0 = Release|Any CPU
		{02EB0A0A-4DF0-46E0-AACE-D7CB8069D602}.Ad-Hoc|iPhone.ActiveCfg = Release|Any CPU
		{02EB0A0A-4DF0-46E0-AACE-D7CB8069D602}.Ad-Hoc|iPhone.Build.0 = Release|Any CPU
		{02EB0A0A-4DF0-46E0-AACE-D7CB8069D602}.Ad-Hoc|iPhoneSimulator.ActiveCfg = Release|Any CPU
		{02EB0A0A-4DF0-46E0-AACE-D7CB8069D602}.Ad-Hoc|iPhoneSimulator.Build.0 = Release|Any CPU
		{02EB0A0A-4DF0-46E0-AACE-D7CB8069D602}.Ad-Hoc|x64.ActiveCfg = Release|Any CPU
		{02EB0A0A-4DF0-46E0-AACE-D7CB8069D602}.Ad-Hoc|x64.Build.0 = Release|Any CPU
		{02EB0A0A-4DF0-46E0-AACE-D7CB8069D602}.Ad-Hoc|x86.ActiveCfg = Release|Any CPU
		{02EB0A0A-4DF0-46E0-AACE-D7CB8069D602}.Ad-Hoc|x86.Build.0 = Release|Any CPU
		{02EB0A0A-4DF0-46E0-AACE-D7CB8069D602}.AppStore|Any CPU.ActiveCfg = Release|Any CPU
		{02EB0A0A-4DF0-46E0-AACE-D7CB8069D602}.AppStore|Any CPU.Build.0 = Release|Any CPU
		{02EB0A0A-4DF0-46E0-AACE-D7CB8069D602}.AppStore|ARM.ActiveCfg = Release|Any CPU
		{02EB0A0A-4DF0-46E0-AACE-D7CB8069D602}.AppStore|ARM.Build.0 = Release|Any CPU
		{02EB0A0A-4DF0-46E0-AACE-D7CB8069D602}.AppStore|iPhone.ActiveCfg = Release|Any CPU
		{02EB0A0A-4DF0-46E0-AACE-D7CB8069D602}.AppStore|iPhone.Build.0 = Release|Any CPU
		{02EB0A0A-4DF0-46E0-AACE-D7CB8069D602}.AppStore|iPhoneSimulator.ActiveCfg = Release|Any CPU
		{02EB0A0A-4DF0-46E0-AACE-D7CB8069D602}.AppStore|iPhoneSimulator.Build.0 = Release|Any CPU
		{02EB0A0A-4DF0-46E0-AACE-D7CB8069D602}.AppStore|x64.ActiveCfg = Release|Any CPU
		{02EB0A0A-4DF0-46E0-AACE-D7CB8069D602}.AppStore|x64.Build.0 = Release|Any CPU
		{02EB0A0A-4DF0-46E0-AACE-D7CB8069D602}.AppStore|x86.ActiveCfg = Release|Any CPU
		{02EB0A0A-4DF0-46E0-AACE-D7CB8069D602}.AppStore|x86.Build.0 = Release|Any CPU
		{02EB0A0A-4DF0-46E0-AACE-D7CB8069D602}.Debug|Any CPU.ActiveCfg = Debug|Any CPU
		{02EB0A0A-4DF0-46E0-AACE-D7CB8069D602}.Debug|Any CPU.Build.0 = Debug|Any CPU
		{02EB0A0A-4DF0-46E0-AACE-D7CB8069D602}.Debug|ARM.ActiveCfg = Debug|Any CPU
		{02EB0A0A-4DF0-46E0-AACE-D7CB8069D602}.Debug|ARM.Build.0 = Debug|Any CPU
		{02EB0A0A-4DF0-46E0-AACE-D7CB8069D602}.Debug|iPhone.ActiveCfg = Debug|Any CPU
		{02EB0A0A-4DF0-46E0-AACE-D7CB8069D602}.Debug|iPhone.Build.0 = Debug|Any CPU
		{02EB0A0A-4DF0-46E0-AACE-D7CB8069D602}.Debug|iPhoneSimulator.ActiveCfg = Debug|Any CPU
		{02EB0A0A-4DF0-46E0-AACE-D7CB8069D602}.Debug|iPhoneSimulator.Build.0 = Debug|Any CPU
		{02EB0A0A-4DF0-46E0-AACE-D7CB8069D602}.Debug|x64.ActiveCfg = Debug|Any CPU
		{02EB0A0A-4DF0-46E0-AACE-D7CB8069D602}.Debug|x64.Build.0 = Debug|Any CPU
		{02EB0A0A-4DF0-46E0-AACE-D7CB8069D602}.Debug|x86.ActiveCfg = Debug|Any CPU
		{02EB0A0A-4DF0-46E0-AACE-D7CB8069D602}.Debug|x86.Build.0 = Debug|Any CPU
		{02EB0A0A-4DF0-46E0-AACE-D7CB8069D602}.Release|Any CPU.ActiveCfg = Release|Any CPU
		{02EB0A0A-4DF0-46E0-AACE-D7CB8069D602}.Release|Any CPU.Build.0 = Release|Any CPU
		{02EB0A0A-4DF0-46E0-AACE-D7CB8069D602}.Release|ARM.ActiveCfg = Release|Any CPU
		{02EB0A0A-4DF0-46E0-AACE-D7CB8069D602}.Release|ARM.Build.0 = Release|Any CPU
		{02EB0A0A-4DF0-46E0-AACE-D7CB8069D602}.Release|iPhone.ActiveCfg = Release|Any CPU
		{02EB0A0A-4DF0-46E0-AACE-D7CB8069D602}.Release|iPhone.Build.0 = Release|Any CPU
		{02EB0A0A-4DF0-46E0-AACE-D7CB8069D602}.Release|iPhoneSimulator.ActiveCfg = Release|Any CPU
		{02EB0A0A-4DF0-46E0-AACE-D7CB8069D602}.Release|iPhoneSimulator.Build.0 = Release|Any CPU
		{02EB0A0A-4DF0-46E0-AACE-D7CB8069D602}.Release|x64.ActiveCfg = Release|Any CPU
		{02EB0A0A-4DF0-46E0-AACE-D7CB8069D602}.Release|x64.Build.0 = Release|Any CPU
		{02EB0A0A-4DF0-46E0-AACE-D7CB8069D602}.Release|x86.ActiveCfg = Release|Any CPU
		{02EB0A0A-4DF0-46E0-AACE-D7CB8069D602}.Release|x86.Build.0 = Release|Any CPU
		{3F291831-6DD6-4FB0-BB10-A5BF26510881}.Ad-Hoc|Any CPU.ActiveCfg = Release|Any CPU
		{3F291831-6DD6-4FB0-BB10-A5BF26510881}.Ad-Hoc|Any CPU.Build.0 = Release|Any CPU
		{3F291831-6DD6-4FB0-BB10-A5BF26510881}.Ad-Hoc|ARM.ActiveCfg = Release|Any CPU
		{3F291831-6DD6-4FB0-BB10-A5BF26510881}.Ad-Hoc|ARM.Build.0 = Release|Any CPU
		{3F291831-6DD6-4FB0-BB10-A5BF26510881}.Ad-Hoc|iPhone.ActiveCfg = Release|Any CPU
		{3F291831-6DD6-4FB0-BB10-A5BF26510881}.Ad-Hoc|iPhone.Build.0 = Release|Any CPU
		{3F291831-6DD6-4FB0-BB10-A5BF26510881}.Ad-Hoc|iPhoneSimulator.ActiveCfg = Release|Any CPU
		{3F291831-6DD6-4FB0-BB10-A5BF26510881}.Ad-Hoc|iPhoneSimulator.Build.0 = Release|Any CPU
		{3F291831-6DD6-4FB0-BB10-A5BF26510881}.Ad-Hoc|x64.ActiveCfg = Release|Any CPU
		{3F291831-6DD6-4FB0-BB10-A5BF26510881}.Ad-Hoc|x64.Build.0 = Release|Any CPU
		{3F291831-6DD6-4FB0-BB10-A5BF26510881}.Ad-Hoc|x86.ActiveCfg = Release|Any CPU
		{3F291831-6DD6-4FB0-BB10-A5BF26510881}.Ad-Hoc|x86.Build.0 = Release|Any CPU
		{3F291831-6DD6-4FB0-BB10-A5BF26510881}.AppStore|Any CPU.ActiveCfg = Release|Any CPU
		{3F291831-6DD6-4FB0-BB10-A5BF26510881}.AppStore|Any CPU.Build.0 = Release|Any CPU
		{3F291831-6DD6-4FB0-BB10-A5BF26510881}.AppStore|ARM.ActiveCfg = Release|Any CPU
		{3F291831-6DD6-4FB0-BB10-A5BF26510881}.AppStore|ARM.Build.0 = Release|Any CPU
		{3F291831-6DD6-4FB0-BB10-A5BF26510881}.AppStore|iPhone.ActiveCfg = Release|Any CPU
		{3F291831-6DD6-4FB0-BB10-A5BF26510881}.AppStore|iPhone.Build.0 = Release|Any CPU
		{3F291831-6DD6-4FB0-BB10-A5BF26510881}.AppStore|iPhoneSimulator.ActiveCfg = Release|Any CPU
		{3F291831-6DD6-4FB0-BB10-A5BF26510881}.AppStore|iPhoneSimulator.Build.0 = Release|Any CPU
		{3F291831-6DD6-4FB0-BB10-A5BF26510881}.AppStore|x64.ActiveCfg = Release|Any CPU
		{3F291831-6DD6-4FB0-BB10-A5BF26510881}.AppStore|x64.Build.0 = Release|Any CPU
		{3F291831-6DD6-4FB0-BB10-A5BF26510881}.AppStore|x86.ActiveCfg = Release|Any CPU
		{3F291831-6DD6-4FB0-BB10-A5BF26510881}.AppStore|x86.Build.0 = Release|Any CPU
		{3F291831-6DD6-4FB0-BB10-A5BF26510881}.Debug|Any CPU.ActiveCfg = Debug|Any CPU
		{3F291831-6DD6-4FB0-BB10-A5BF26510881}.Debug|Any CPU.Build.0 = Debug|Any CPU
		{3F291831-6DD6-4FB0-BB10-A5BF26510881}.Debug|ARM.ActiveCfg = Debug|Any CPU
		{3F291831-6DD6-4FB0-BB10-A5BF26510881}.Debug|ARM.Build.0 = Debug|Any CPU
		{3F291831-6DD6-4FB0-BB10-A5BF26510881}.Debug|iPhone.ActiveCfg = Debug|Any CPU
		{3F291831-6DD6-4FB0-BB10-A5BF26510881}.Debug|iPhone.Build.0 = Debug|Any CPU
		{3F291831-6DD6-4FB0-BB10-A5BF26510881}.Debug|iPhoneSimulator.ActiveCfg = Debug|Any CPU
		{3F291831-6DD6-4FB0-BB10-A5BF26510881}.Debug|iPhoneSimulator.Build.0 = Debug|Any CPU
		{3F291831-6DD6-4FB0-BB10-A5BF26510881}.Debug|x64.ActiveCfg = Debug|Any CPU
		{3F291831-6DD6-4FB0-BB10-A5BF26510881}.Debug|x64.Build.0 = Debug|Any CPU
		{3F291831-6DD6-4FB0-BB10-A5BF26510881}.Debug|x86.ActiveCfg = Debug|Any CPU
		{3F291831-6DD6-4FB0-BB10-A5BF26510881}.Debug|x86.Build.0 = Debug|Any CPU
		{3F291831-6DD6-4FB0-BB10-A5BF26510881}.Release|Any CPU.ActiveCfg = Release|Any CPU
		{3F291831-6DD6-4FB0-BB10-A5BF26510881}.Release|Any CPU.Build.0 = Release|Any CPU
		{3F291831-6DD6-4FB0-BB10-A5BF26510881}.Release|ARM.ActiveCfg = Release|Any CPU
		{3F291831-6DD6-4FB0-BB10-A5BF26510881}.Release|ARM.Build.0 = Release|Any CPU
		{3F291831-6DD6-4FB0-BB10-A5BF26510881}.Release|iPhone.ActiveCfg = Release|Any CPU
		{3F291831-6DD6-4FB0-BB10-A5BF26510881}.Release|iPhone.Build.0 = Release|Any CPU
		{3F291831-6DD6-4FB0-BB10-A5BF26510881}.Release|iPhoneSimulator.ActiveCfg = Release|Any CPU
		{3F291831-6DD6-4FB0-BB10-A5BF26510881}.Release|iPhoneSimulator.Build.0 = Release|Any CPU
		{3F291831-6DD6-4FB0-BB10-A5BF26510881}.Release|x64.ActiveCfg = Release|Any CPU
		{3F291831-6DD6-4FB0-BB10-A5BF26510881}.Release|x64.Build.0 = Release|Any CPU
		{3F291831-6DD6-4FB0-BB10-A5BF26510881}.Release|x86.ActiveCfg = Release|Any CPU
		{3F291831-6DD6-4FB0-BB10-A5BF26510881}.Release|x86.Build.0 = Release|Any CPU
		{83E0AED6-609C-4725-A461-F708B24C0E5B}.Ad-Hoc|Any CPU.ActiveCfg = Release|Any CPU
		{83E0AED6-609C-4725-A461-F708B24C0E5B}.Ad-Hoc|Any CPU.Build.0 = Release|Any CPU
		{83E0AED6-609C-4725-A461-F708B24C0E5B}.Ad-Hoc|ARM.ActiveCfg = Release|Any CPU
		{83E0AED6-609C-4725-A461-F708B24C0E5B}.Ad-Hoc|ARM.Build.0 = Release|Any CPU
		{83E0AED6-609C-4725-A461-F708B24C0E5B}.Ad-Hoc|iPhone.ActiveCfg = Release|Any CPU
		{83E0AED6-609C-4725-A461-F708B24C0E5B}.Ad-Hoc|iPhone.Build.0 = Release|Any CPU
		{83E0AED6-609C-4725-A461-F708B24C0E5B}.Ad-Hoc|iPhoneSimulator.ActiveCfg = Release|Any CPU
		{83E0AED6-609C-4725-A461-F708B24C0E5B}.Ad-Hoc|iPhoneSimulator.Build.0 = Release|Any CPU
		{83E0AED6-609C-4725-A461-F708B24C0E5B}.Ad-Hoc|x64.ActiveCfg = Release|Any CPU
		{83E0AED6-609C-4725-A461-F708B24C0E5B}.Ad-Hoc|x64.Build.0 = Release|Any CPU
		{83E0AED6-609C-4725-A461-F708B24C0E5B}.Ad-Hoc|x86.ActiveCfg = Release|Any CPU
		{83E0AED6-609C-4725-A461-F708B24C0E5B}.Ad-Hoc|x86.Build.0 = Release|Any CPU
		{83E0AED6-609C-4725-A461-F708B24C0E5B}.AppStore|Any CPU.ActiveCfg = Release|Any CPU
		{83E0AED6-609C-4725-A461-F708B24C0E5B}.AppStore|Any CPU.Build.0 = Release|Any CPU
		{83E0AED6-609C-4725-A461-F708B24C0E5B}.AppStore|ARM.ActiveCfg = Release|Any CPU
		{83E0AED6-609C-4725-A461-F708B24C0E5B}.AppStore|ARM.Build.0 = Release|Any CPU
		{83E0AED6-609C-4725-A461-F708B24C0E5B}.AppStore|iPhone.ActiveCfg = Release|Any CPU
		{83E0AED6-609C-4725-A461-F708B24C0E5B}.AppStore|iPhone.Build.0 = Release|Any CPU
		{83E0AED6-609C-4725-A461-F708B24C0E5B}.AppStore|iPhoneSimulator.ActiveCfg = Release|Any CPU
		{83E0AED6-609C-4725-A461-F708B24C0E5B}.AppStore|iPhoneSimulator.Build.0 = Release|Any CPU
		{83E0AED6-609C-4725-A461-F708B24C0E5B}.AppStore|x64.ActiveCfg = Release|Any CPU
		{83E0AED6-609C-4725-A461-F708B24C0E5B}.AppStore|x64.Build.0 = Release|Any CPU
		{83E0AED6-609C-4725-A461-F708B24C0E5B}.AppStore|x86.ActiveCfg = Release|Any CPU
		{83E0AED6-609C-4725-A461-F708B24C0E5B}.AppStore|x86.Build.0 = Release|Any CPU
		{83E0AED6-609C-4725-A461-F708B24C0E5B}.Debug|Any CPU.ActiveCfg = Debug|Any CPU
		{83E0AED6-609C-4725-A461-F708B24C0E5B}.Debug|Any CPU.Build.0 = Debug|Any CPU
		{83E0AED6-609C-4725-A461-F708B24C0E5B}.Debug|ARM.ActiveCfg = Debug|Any CPU
		{83E0AED6-609C-4725-A461-F708B24C0E5B}.Debug|ARM.Build.0 = Debug|Any CPU
		{83E0AED6-609C-4725-A461-F708B24C0E5B}.Debug|iPhone.ActiveCfg = Debug|Any CPU
		{83E0AED6-609C-4725-A461-F708B24C0E5B}.Debug|iPhone.Build.0 = Debug|Any CPU
		{83E0AED6-609C-4725-A461-F708B24C0E5B}.Debug|iPhoneSimulator.ActiveCfg = Debug|Any CPU
		{83E0AED6-609C-4725-A461-F708B24C0E5B}.Debug|iPhoneSimulator.Build.0 = Debug|Any CPU
		{83E0AED6-609C-4725-A461-F708B24C0E5B}.Debug|x64.ActiveCfg = Debug|Any CPU
		{83E0AED6-609C-4725-A461-F708B24C0E5B}.Debug|x64.Build.0 = Debug|Any CPU
		{83E0AED6-609C-4725-A461-F708B24C0E5B}.Debug|x86.ActiveCfg = Debug|Any CPU
		{83E0AED6-609C-4725-A461-F708B24C0E5B}.Debug|x86.Build.0 = Debug|Any CPU
		{83E0AED6-609C-4725-A461-F708B24C0E5B}.Release|Any CPU.ActiveCfg = Release|Any CPU
		{83E0AED6-609C-4725-A461-F708B24C0E5B}.Release|Any CPU.Build.0 = Release|Any CPU
		{83E0AED6-609C-4725-A461-F708B24C0E5B}.Release|ARM.ActiveCfg = Release|Any CPU
		{83E0AED6-609C-4725-A461-F708B24C0E5B}.Release|ARM.Build.0 = Release|Any CPU
		{83E0AED6-609C-4725-A461-F708B24C0E5B}.Release|iPhone.ActiveCfg = Release|Any CPU
		{83E0AED6-609C-4725-A461-F708B24C0E5B}.Release|iPhone.Build.0 = Release|Any CPU
		{83E0AED6-609C-4725-A461-F708B24C0E5B}.Release|iPhoneSimulator.ActiveCfg = Release|Any CPU
		{83E0AED6-609C-4725-A461-F708B24C0E5B}.Release|iPhoneSimulator.Build.0 = Release|Any CPU
		{83E0AED6-609C-4725-A461-F708B24C0E5B}.Release|x64.ActiveCfg = Release|Any CPU
		{83E0AED6-609C-4725-A461-F708B24C0E5B}.Release|x64.Build.0 = Release|Any CPU
		{83E0AED6-609C-4725-A461-F708B24C0E5B}.Release|x86.ActiveCfg = Release|Any CPU
		{83E0AED6-609C-4725-A461-F708B24C0E5B}.Release|x86.Build.0 = Release|Any CPU
		{6F5682DD-80E1-4096-8544-25A74C619865}.Ad-Hoc|Any CPU.ActiveCfg = Release|Any CPU
		{6F5682DD-80E1-4096-8544-25A74C619865}.Ad-Hoc|Any CPU.Build.0 = Release|Any CPU
		{6F5682DD-80E1-4096-8544-25A74C619865}.Ad-Hoc|Any CPU.Deploy.0 = Release|Any CPU
		{6F5682DD-80E1-4096-8544-25A74C619865}.Ad-Hoc|ARM.ActiveCfg = Release|Any CPU
		{6F5682DD-80E1-4096-8544-25A74C619865}.Ad-Hoc|ARM.Build.0 = Release|Any CPU
		{6F5682DD-80E1-4096-8544-25A74C619865}.Ad-Hoc|ARM.Deploy.0 = Release|Any CPU
		{6F5682DD-80E1-4096-8544-25A74C619865}.Ad-Hoc|iPhone.ActiveCfg = Release|Any CPU
		{6F5682DD-80E1-4096-8544-25A74C619865}.Ad-Hoc|iPhone.Build.0 = Release|Any CPU
		{6F5682DD-80E1-4096-8544-25A74C619865}.Ad-Hoc|iPhone.Deploy.0 = Release|Any CPU
		{6F5682DD-80E1-4096-8544-25A74C619865}.Ad-Hoc|iPhoneSimulator.ActiveCfg = Release|Any CPU
		{6F5682DD-80E1-4096-8544-25A74C619865}.Ad-Hoc|iPhoneSimulator.Build.0 = Release|Any CPU
		{6F5682DD-80E1-4096-8544-25A74C619865}.Ad-Hoc|iPhoneSimulator.Deploy.0 = Release|Any CPU
		{6F5682DD-80E1-4096-8544-25A74C619865}.Ad-Hoc|x64.ActiveCfg = Release|Any CPU
		{6F5682DD-80E1-4096-8544-25A74C619865}.Ad-Hoc|x64.Build.0 = Release|Any CPU
		{6F5682DD-80E1-4096-8544-25A74C619865}.Ad-Hoc|x64.Deploy.0 = Release|Any CPU
		{6F5682DD-80E1-4096-8544-25A74C619865}.Ad-Hoc|x86.ActiveCfg = Release|Any CPU
		{6F5682DD-80E1-4096-8544-25A74C619865}.Ad-Hoc|x86.Build.0 = Release|Any CPU
		{6F5682DD-80E1-4096-8544-25A74C619865}.Ad-Hoc|x86.Deploy.0 = Release|Any CPU
		{6F5682DD-80E1-4096-8544-25A74C619865}.AppStore|Any CPU.ActiveCfg = Release|Any CPU
		{6F5682DD-80E1-4096-8544-25A74C619865}.AppStore|Any CPU.Build.0 = Release|Any CPU
		{6F5682DD-80E1-4096-8544-25A74C619865}.AppStore|Any CPU.Deploy.0 = Release|Any CPU
		{6F5682DD-80E1-4096-8544-25A74C619865}.AppStore|ARM.ActiveCfg = Release|Any CPU
		{6F5682DD-80E1-4096-8544-25A74C619865}.AppStore|ARM.Build.0 = Release|Any CPU
		{6F5682DD-80E1-4096-8544-25A74C619865}.AppStore|ARM.Deploy.0 = Release|Any CPU
		{6F5682DD-80E1-4096-8544-25A74C619865}.AppStore|iPhone.ActiveCfg = Release|Any CPU
		{6F5682DD-80E1-4096-8544-25A74C619865}.AppStore|iPhone.Build.0 = Release|Any CPU
		{6F5682DD-80E1-4096-8544-25A74C619865}.AppStore|iPhone.Deploy.0 = Release|Any CPU
		{6F5682DD-80E1-4096-8544-25A74C619865}.AppStore|iPhoneSimulator.ActiveCfg = Release|Any CPU
		{6F5682DD-80E1-4096-8544-25A74C619865}.AppStore|iPhoneSimulator.Build.0 = Release|Any CPU
		{6F5682DD-80E1-4096-8544-25A74C619865}.AppStore|iPhoneSimulator.Deploy.0 = Release|Any CPU
		{6F5682DD-80E1-4096-8544-25A74C619865}.AppStore|x64.ActiveCfg = Release|Any CPU
		{6F5682DD-80E1-4096-8544-25A74C619865}.AppStore|x64.Build.0 = Release|Any CPU
		{6F5682DD-80E1-4096-8544-25A74C619865}.AppStore|x64.Deploy.0 = Release|Any CPU
		{6F5682DD-80E1-4096-8544-25A74C619865}.AppStore|x86.ActiveCfg = Release|Any CPU
		{6F5682DD-80E1-4096-8544-25A74C619865}.AppStore|x86.Build.0 = Release|Any CPU
		{6F5682DD-80E1-4096-8544-25A74C619865}.AppStore|x86.Deploy.0 = Release|Any CPU
		{6F5682DD-80E1-4096-8544-25A74C619865}.Debug|Any CPU.ActiveCfg = Debug|Any CPU
		{6F5682DD-80E1-4096-8544-25A74C619865}.Debug|Any CPU.Build.0 = Debug|Any CPU
		{6F5682DD-80E1-4096-8544-25A74C619865}.Debug|Any CPU.Deploy.0 = Debug|Any CPU
		{6F5682DD-80E1-4096-8544-25A74C619865}.Debug|ARM.ActiveCfg = Debug|Any CPU
		{6F5682DD-80E1-4096-8544-25A74C619865}.Debug|ARM.Build.0 = Debug|Any CPU
		{6F5682DD-80E1-4096-8544-25A74C619865}.Debug|ARM.Deploy.0 = Debug|Any CPU
		{6F5682DD-80E1-4096-8544-25A74C619865}.Debug|iPhone.ActiveCfg = Debug|Any CPU
		{6F5682DD-80E1-4096-8544-25A74C619865}.Debug|iPhone.Build.0 = Debug|Any CPU
		{6F5682DD-80E1-4096-8544-25A74C619865}.Debug|iPhone.Deploy.0 = Debug|Any CPU
		{6F5682DD-80E1-4096-8544-25A74C619865}.Debug|iPhoneSimulator.ActiveCfg = Debug|Any CPU
		{6F5682DD-80E1-4096-8544-25A74C619865}.Debug|iPhoneSimulator.Build.0 = Debug|Any CPU
		{6F5682DD-80E1-4096-8544-25A74C619865}.Debug|iPhoneSimulator.Deploy.0 = Debug|Any CPU
		{6F5682DD-80E1-4096-8544-25A74C619865}.Debug|x64.ActiveCfg = Debug|Any CPU
		{6F5682DD-80E1-4096-8544-25A74C619865}.Debug|x64.Build.0 = Debug|Any CPU
		{6F5682DD-80E1-4096-8544-25A74C619865}.Debug|x64.Deploy.0 = Debug|Any CPU
		{6F5682DD-80E1-4096-8544-25A74C619865}.Debug|x86.ActiveCfg = Debug|Any CPU
		{6F5682DD-80E1-4096-8544-25A74C619865}.Debug|x86.Build.0 = Debug|Any CPU
		{6F5682DD-80E1-4096-8544-25A74C619865}.Debug|x86.Deploy.0 = Debug|Any CPU
		{6F5682DD-80E1-4096-8544-25A74C619865}.Release|Any CPU.ActiveCfg = Release|Any CPU
		{6F5682DD-80E1-4096-8544-25A74C619865}.Release|Any CPU.Build.0 = Release|Any CPU
		{6F5682DD-80E1-4096-8544-25A74C619865}.Release|Any CPU.Deploy.0 = Release|Any CPU
		{6F5682DD-80E1-4096-8544-25A74C619865}.Release|ARM.ActiveCfg = Release|Any CPU
		{6F5682DD-80E1-4096-8544-25A74C619865}.Release|ARM.Build.0 = Release|Any CPU
		{6F5682DD-80E1-4096-8544-25A74C619865}.Release|ARM.Deploy.0 = Release|Any CPU
		{6F5682DD-80E1-4096-8544-25A74C619865}.Release|iPhone.ActiveCfg = Release|Any CPU
		{6F5682DD-80E1-4096-8544-25A74C619865}.Release|iPhone.Build.0 = Release|Any CPU
		{6F5682DD-80E1-4096-8544-25A74C619865}.Release|iPhone.Deploy.0 = Release|Any CPU
		{6F5682DD-80E1-4096-8544-25A74C619865}.Release|iPhoneSimulator.ActiveCfg = Release|Any CPU
		{6F5682DD-80E1-4096-8544-25A74C619865}.Release|iPhoneSimulator.Build.0 = Release|Any CPU
		{6F5682DD-80E1-4096-8544-25A74C619865}.Release|iPhoneSimulator.Deploy.0 = Release|Any CPU
		{6F5682DD-80E1-4096-8544-25A74C619865}.Release|x64.ActiveCfg = Release|Any CPU
		{6F5682DD-80E1-4096-8544-25A74C619865}.Release|x64.Build.0 = Release|Any CPU
		{6F5682DD-80E1-4096-8544-25A74C619865}.Release|x64.Deploy.0 = Release|Any CPU
		{6F5682DD-80E1-4096-8544-25A74C619865}.Release|x86.ActiveCfg = Release|Any CPU
		{6F5682DD-80E1-4096-8544-25A74C619865}.Release|x86.Build.0 = Release|Any CPU
		{6F5682DD-80E1-4096-8544-25A74C619865}.Release|x86.Deploy.0 = Release|Any CPU
		{4DBE1318-BBB7-451F-BEF1-7D48A74F8BAD}.Ad-Hoc|Any CPU.ActiveCfg = Release|Any CPU
		{4DBE1318-BBB7-451F-BEF1-7D48A74F8BAD}.Ad-Hoc|Any CPU.Build.0 = Release|Any CPU
		{4DBE1318-BBB7-451F-BEF1-7D48A74F8BAD}.Ad-Hoc|Any CPU.Deploy.0 = Release|Any CPU
		{4DBE1318-BBB7-451F-BEF1-7D48A74F8BAD}.Ad-Hoc|ARM.ActiveCfg = Release|ARM
		{4DBE1318-BBB7-451F-BEF1-7D48A74F8BAD}.Ad-Hoc|ARM.Build.0 = Release|ARM
		{4DBE1318-BBB7-451F-BEF1-7D48A74F8BAD}.Ad-Hoc|ARM.Deploy.0 = Release|ARM
		{4DBE1318-BBB7-451F-BEF1-7D48A74F8BAD}.Ad-Hoc|iPhone.ActiveCfg = Release|Any CPU
		{4DBE1318-BBB7-451F-BEF1-7D48A74F8BAD}.Ad-Hoc|iPhone.Build.0 = Release|Any CPU
		{4DBE1318-BBB7-451F-BEF1-7D48A74F8BAD}.Ad-Hoc|iPhone.Deploy.0 = Release|Any CPU
		{4DBE1318-BBB7-451F-BEF1-7D48A74F8BAD}.Ad-Hoc|iPhoneSimulator.ActiveCfg = Release|Any CPU
		{4DBE1318-BBB7-451F-BEF1-7D48A74F8BAD}.Ad-Hoc|iPhoneSimulator.Build.0 = Release|Any CPU
		{4DBE1318-BBB7-451F-BEF1-7D48A74F8BAD}.Ad-Hoc|iPhoneSimulator.Deploy.0 = Release|Any CPU
		{4DBE1318-BBB7-451F-BEF1-7D48A74F8BAD}.Ad-Hoc|x64.ActiveCfg = Release|Any CPU
		{4DBE1318-BBB7-451F-BEF1-7D48A74F8BAD}.Ad-Hoc|x64.Build.0 = Release|Any CPU
		{4DBE1318-BBB7-451F-BEF1-7D48A74F8BAD}.Ad-Hoc|x64.Deploy.0 = Release|Any CPU
		{4DBE1318-BBB7-451F-BEF1-7D48A74F8BAD}.Ad-Hoc|x86.ActiveCfg = Release|x86
		{4DBE1318-BBB7-451F-BEF1-7D48A74F8BAD}.Ad-Hoc|x86.Build.0 = Release|x86
		{4DBE1318-BBB7-451F-BEF1-7D48A74F8BAD}.Ad-Hoc|x86.Deploy.0 = Release|x86
		{4DBE1318-BBB7-451F-BEF1-7D48A74F8BAD}.AppStore|Any CPU.ActiveCfg = Release|Any CPU
		{4DBE1318-BBB7-451F-BEF1-7D48A74F8BAD}.AppStore|Any CPU.Build.0 = Release|Any CPU
		{4DBE1318-BBB7-451F-BEF1-7D48A74F8BAD}.AppStore|Any CPU.Deploy.0 = Release|Any CPU
		{4DBE1318-BBB7-451F-BEF1-7D48A74F8BAD}.AppStore|ARM.ActiveCfg = Release|ARM
		{4DBE1318-BBB7-451F-BEF1-7D48A74F8BAD}.AppStore|ARM.Build.0 = Release|ARM
		{4DBE1318-BBB7-451F-BEF1-7D48A74F8BAD}.AppStore|ARM.Deploy.0 = Release|ARM
		{4DBE1318-BBB7-451F-BEF1-7D48A74F8BAD}.AppStore|iPhone.ActiveCfg = Release|Any CPU
		{4DBE1318-BBB7-451F-BEF1-7D48A74F8BAD}.AppStore|iPhone.Build.0 = Release|Any CPU
		{4DBE1318-BBB7-451F-BEF1-7D48A74F8BAD}.AppStore|iPhone.Deploy.0 = Release|Any CPU
		{4DBE1318-BBB7-451F-BEF1-7D48A74F8BAD}.AppStore|iPhoneSimulator.ActiveCfg = Release|Any CPU
		{4DBE1318-BBB7-451F-BEF1-7D48A74F8BAD}.AppStore|iPhoneSimulator.Build.0 = Release|Any CPU
		{4DBE1318-BBB7-451F-BEF1-7D48A74F8BAD}.AppStore|iPhoneSimulator.Deploy.0 = Release|Any CPU
		{4DBE1318-BBB7-451F-BEF1-7D48A74F8BAD}.AppStore|x64.ActiveCfg = Release|Any CPU
		{4DBE1318-BBB7-451F-BEF1-7D48A74F8BAD}.AppStore|x64.Build.0 = Release|Any CPU
		{4DBE1318-BBB7-451F-BEF1-7D48A74F8BAD}.AppStore|x64.Deploy.0 = Release|Any CPU
		{4DBE1318-BBB7-451F-BEF1-7D48A74F8BAD}.AppStore|x86.ActiveCfg = Release|x86
		{4DBE1318-BBB7-451F-BEF1-7D48A74F8BAD}.AppStore|x86.Build.0 = Release|x86
		{4DBE1318-BBB7-451F-BEF1-7D48A74F8BAD}.AppStore|x86.Deploy.0 = Release|x86
		{4DBE1318-BBB7-451F-BEF1-7D48A74F8BAD}.Debug|Any CPU.ActiveCfg = Debug|Any CPU
		{4DBE1318-BBB7-451F-BEF1-7D48A74F8BAD}.Debug|Any CPU.Build.0 = Debug|Any CPU
		{4DBE1318-BBB7-451F-BEF1-7D48A74F8BAD}.Debug|Any CPU.Deploy.0 = Debug|Any CPU
		{4DBE1318-BBB7-451F-BEF1-7D48A74F8BAD}.Debug|ARM.ActiveCfg = Debug|ARM
		{4DBE1318-BBB7-451F-BEF1-7D48A74F8BAD}.Debug|ARM.Build.0 = Debug|ARM
		{4DBE1318-BBB7-451F-BEF1-7D48A74F8BAD}.Debug|ARM.Deploy.0 = Debug|ARM
		{4DBE1318-BBB7-451F-BEF1-7D48A74F8BAD}.Debug|iPhone.ActiveCfg = Debug|Any CPU
		{4DBE1318-BBB7-451F-BEF1-7D48A74F8BAD}.Debug|iPhone.Build.0 = Debug|Any CPU
		{4DBE1318-BBB7-451F-BEF1-7D48A74F8BAD}.Debug|iPhone.Deploy.0 = Debug|Any CPU
		{4DBE1318-BBB7-451F-BEF1-7D48A74F8BAD}.Debug|iPhoneSimulator.ActiveCfg = Debug|Any CPU
		{4DBE1318-BBB7-451F-BEF1-7D48A74F8BAD}.Debug|iPhoneSimulator.Build.0 = Debug|Any CPU
		{4DBE1318-BBB7-451F-BEF1-7D48A74F8BAD}.Debug|iPhoneSimulator.Deploy.0 = Debug|Any CPU
		{4DBE1318-BBB7-451F-BEF1-7D48A74F8BAD}.Debug|x64.ActiveCfg = Debug|Any CPU
		{4DBE1318-BBB7-451F-BEF1-7D48A74F8BAD}.Debug|x64.Build.0 = Debug|Any CPU
		{4DBE1318-BBB7-451F-BEF1-7D48A74F8BAD}.Debug|x64.Deploy.0 = Debug|Any CPU
		{4DBE1318-BBB7-451F-BEF1-7D48A74F8BAD}.Debug|x86.ActiveCfg = Debug|x86
		{4DBE1318-BBB7-451F-BEF1-7D48A74F8BAD}.Debug|x86.Build.0 = Debug|x86
		{4DBE1318-BBB7-451F-BEF1-7D48A74F8BAD}.Debug|x86.Deploy.0 = Debug|x86
		{4DBE1318-BBB7-451F-BEF1-7D48A74F8BAD}.Release|Any CPU.ActiveCfg = Release|Any CPU
		{4DBE1318-BBB7-451F-BEF1-7D48A74F8BAD}.Release|Any CPU.Build.0 = Release|Any CPU
		{4DBE1318-BBB7-451F-BEF1-7D48A74F8BAD}.Release|Any CPU.Deploy.0 = Release|Any CPU
		{4DBE1318-BBB7-451F-BEF1-7D48A74F8BAD}.Release|ARM.ActiveCfg = Release|ARM
		{4DBE1318-BBB7-451F-BEF1-7D48A74F8BAD}.Release|ARM.Build.0 = Release|ARM
		{4DBE1318-BBB7-451F-BEF1-7D48A74F8BAD}.Release|ARM.Deploy.0 = Release|ARM
		{4DBE1318-BBB7-451F-BEF1-7D48A74F8BAD}.Release|iPhone.ActiveCfg = Release|Any CPU
		{4DBE1318-BBB7-451F-BEF1-7D48A74F8BAD}.Release|iPhone.Build.0 = Release|Any CPU
		{4DBE1318-BBB7-451F-BEF1-7D48A74F8BAD}.Release|iPhone.Deploy.0 = Release|Any CPU
		{4DBE1318-BBB7-451F-BEF1-7D48A74F8BAD}.Release|iPhoneSimulator.ActiveCfg = Release|Any CPU
		{4DBE1318-BBB7-451F-BEF1-7D48A74F8BAD}.Release|iPhoneSimulator.Build.0 = Release|Any CPU
		{4DBE1318-BBB7-451F-BEF1-7D48A74F8BAD}.Release|iPhoneSimulator.Deploy.0 = Release|Any CPU
		{4DBE1318-BBB7-451F-BEF1-7D48A74F8BAD}.Release|x64.ActiveCfg = Release|Any CPU
		{4DBE1318-BBB7-451F-BEF1-7D48A74F8BAD}.Release|x64.Build.0 = Release|Any CPU
		{4DBE1318-BBB7-451F-BEF1-7D48A74F8BAD}.Release|x64.Deploy.0 = Release|Any CPU
		{4DBE1318-BBB7-451F-BEF1-7D48A74F8BAD}.Release|x86.ActiveCfg = Release|x86
		{4DBE1318-BBB7-451F-BEF1-7D48A74F8BAD}.Release|x86.Build.0 = Release|x86
		{4DBE1318-BBB7-451F-BEF1-7D48A74F8BAD}.Release|x86.Deploy.0 = Release|x86
		{A9003977-A981-4492-AE7D-36F19920487B}.Ad-Hoc|Any CPU.ActiveCfg = Release|Any CPU
		{A9003977-A981-4492-AE7D-36F19920487B}.Ad-Hoc|Any CPU.Build.0 = Release|Any CPU
		{A9003977-A981-4492-AE7D-36F19920487B}.Ad-Hoc|ARM.ActiveCfg = Release|Any CPU
		{A9003977-A981-4492-AE7D-36F19920487B}.Ad-Hoc|ARM.Build.0 = Release|Any CPU
		{A9003977-A981-4492-AE7D-36F19920487B}.Ad-Hoc|iPhone.ActiveCfg = Release|Any CPU
		{A9003977-A981-4492-AE7D-36F19920487B}.Ad-Hoc|iPhone.Build.0 = Release|Any CPU
		{A9003977-A981-4492-AE7D-36F19920487B}.Ad-Hoc|iPhoneSimulator.ActiveCfg = Release|Any CPU
		{A9003977-A981-4492-AE7D-36F19920487B}.Ad-Hoc|iPhoneSimulator.Build.0 = Release|Any CPU
		{A9003977-A981-4492-AE7D-36F19920487B}.Ad-Hoc|x64.ActiveCfg = Release|Any CPU
		{A9003977-A981-4492-AE7D-36F19920487B}.Ad-Hoc|x64.Build.0 = Release|Any CPU
		{A9003977-A981-4492-AE7D-36F19920487B}.Ad-Hoc|x86.ActiveCfg = Release|Any CPU
		{A9003977-A981-4492-AE7D-36F19920487B}.Ad-Hoc|x86.Build.0 = Release|Any CPU
		{A9003977-A981-4492-AE7D-36F19920487B}.AppStore|Any CPU.ActiveCfg = Release|Any CPU
		{A9003977-A981-4492-AE7D-36F19920487B}.AppStore|Any CPU.Build.0 = Release|Any CPU
		{A9003977-A981-4492-AE7D-36F19920487B}.AppStore|ARM.ActiveCfg = Release|Any CPU
		{A9003977-A981-4492-AE7D-36F19920487B}.AppStore|ARM.Build.0 = Release|Any CPU
		{A9003977-A981-4492-AE7D-36F19920487B}.AppStore|iPhone.ActiveCfg = Release|Any CPU
		{A9003977-A981-4492-AE7D-36F19920487B}.AppStore|iPhone.Build.0 = Release|Any CPU
		{A9003977-A981-4492-AE7D-36F19920487B}.AppStore|iPhoneSimulator.ActiveCfg = Release|Any CPU
		{A9003977-A981-4492-AE7D-36F19920487B}.AppStore|iPhoneSimulator.Build.0 = Release|Any CPU
		{A9003977-A981-4492-AE7D-36F19920487B}.AppStore|x64.ActiveCfg = Release|Any CPU
		{A9003977-A981-4492-AE7D-36F19920487B}.AppStore|x64.Build.0 = Release|Any CPU
		{A9003977-A981-4492-AE7D-36F19920487B}.AppStore|x86.ActiveCfg = Release|Any CPU
		{A9003977-A981-4492-AE7D-36F19920487B}.AppStore|x86.Build.0 = Release|Any CPU
		{A9003977-A981-4492-AE7D-36F19920487B}.Debug|Any CPU.ActiveCfg = Debug|Any CPU
		{A9003977-A981-4492-AE7D-36F19920487B}.Debug|Any CPU.Build.0 = Debug|Any CPU
		{A9003977-A981-4492-AE7D-36F19920487B}.Debug|ARM.ActiveCfg = Debug|Any CPU
		{A9003977-A981-4492-AE7D-36F19920487B}.Debug|ARM.Build.0 = Debug|Any CPU
		{A9003977-A981-4492-AE7D-36F19920487B}.Debug|iPhone.ActiveCfg = Debug|Any CPU
		{A9003977-A981-4492-AE7D-36F19920487B}.Debug|iPhone.Build.0 = Debug|Any CPU
		{A9003977-A981-4492-AE7D-36F19920487B}.Debug|iPhoneSimulator.ActiveCfg = Debug|Any CPU
		{A9003977-A981-4492-AE7D-36F19920487B}.Debug|iPhoneSimulator.Build.0 = Debug|Any CPU
		{A9003977-A981-4492-AE7D-36F19920487B}.Debug|x64.ActiveCfg = Debug|Any CPU
		{A9003977-A981-4492-AE7D-36F19920487B}.Debug|x64.Build.0 = Debug|Any CPU
		{A9003977-A981-4492-AE7D-36F19920487B}.Debug|x86.ActiveCfg = Debug|Any CPU
		{A9003977-A981-4492-AE7D-36F19920487B}.Debug|x86.Build.0 = Debug|Any CPU
		{A9003977-A981-4492-AE7D-36F19920487B}.Release|Any CPU.ActiveCfg = Release|Any CPU
		{A9003977-A981-4492-AE7D-36F19920487B}.Release|Any CPU.Build.0 = Release|Any CPU
		{A9003977-A981-4492-AE7D-36F19920487B}.Release|ARM.ActiveCfg = Release|Any CPU
		{A9003977-A981-4492-AE7D-36F19920487B}.Release|ARM.Build.0 = Release|Any CPU
		{A9003977-A981-4492-AE7D-36F19920487B}.Release|iPhone.ActiveCfg = Release|Any CPU
		{A9003977-A981-4492-AE7D-36F19920487B}.Release|iPhone.Build.0 = Release|Any CPU
		{A9003977-A981-4492-AE7D-36F19920487B}.Release|iPhoneSimulator.ActiveCfg = Release|Any CPU
		{A9003977-A981-4492-AE7D-36F19920487B}.Release|iPhoneSimulator.Build.0 = Release|Any CPU
		{A9003977-A981-4492-AE7D-36F19920487B}.Release|x64.ActiveCfg = Release|Any CPU
		{A9003977-A981-4492-AE7D-36F19920487B}.Release|x64.Build.0 = Release|Any CPU
		{A9003977-A981-4492-AE7D-36F19920487B}.Release|x86.ActiveCfg = Release|Any CPU
		{A9003977-A981-4492-AE7D-36F19920487B}.Release|x86.Build.0 = Release|Any CPU
		{57FFA247-FD95-43AC-B109-9D652C606B6D}.Ad-Hoc|Any CPU.ActiveCfg = Release|Any CPU
		{57FFA247-FD95-43AC-B109-9D652C606B6D}.Ad-Hoc|Any CPU.Build.0 = Release|Any CPU
		{57FFA247-FD95-43AC-B109-9D652C606B6D}.Ad-Hoc|ARM.ActiveCfg = Release|Any CPU
		{57FFA247-FD95-43AC-B109-9D652C606B6D}.Ad-Hoc|ARM.Build.0 = Release|Any CPU
		{57FFA247-FD95-43AC-B109-9D652C606B6D}.Ad-Hoc|iPhone.ActiveCfg = Release|Any CPU
		{57FFA247-FD95-43AC-B109-9D652C606B6D}.Ad-Hoc|iPhone.Build.0 = Release|Any CPU
		{57FFA247-FD95-43AC-B109-9D652C606B6D}.Ad-Hoc|iPhoneSimulator.ActiveCfg = Release|Any CPU
		{57FFA247-FD95-43AC-B109-9D652C606B6D}.Ad-Hoc|iPhoneSimulator.Build.0 = Release|Any CPU
		{57FFA247-FD95-43AC-B109-9D652C606B6D}.Ad-Hoc|x64.ActiveCfg = Release|Any CPU
		{57FFA247-FD95-43AC-B109-9D652C606B6D}.Ad-Hoc|x64.Build.0 = Release|Any CPU
		{57FFA247-FD95-43AC-B109-9D652C606B6D}.Ad-Hoc|x86.ActiveCfg = Release|Any CPU
		{57FFA247-FD95-43AC-B109-9D652C606B6D}.Ad-Hoc|x86.Build.0 = Release|Any CPU
		{57FFA247-FD95-43AC-B109-9D652C606B6D}.AppStore|Any CPU.ActiveCfg = Release|Any CPU
		{57FFA247-FD95-43AC-B109-9D652C606B6D}.AppStore|Any CPU.Build.0 = Release|Any CPU
		{57FFA247-FD95-43AC-B109-9D652C606B6D}.AppStore|ARM.ActiveCfg = Release|Any CPU
		{57FFA247-FD95-43AC-B109-9D652C606B6D}.AppStore|ARM.Build.0 = Release|Any CPU
		{57FFA247-FD95-43AC-B109-9D652C606B6D}.AppStore|iPhone.ActiveCfg = Release|Any CPU
		{57FFA247-FD95-43AC-B109-9D652C606B6D}.AppStore|iPhone.Build.0 = Release|Any CPU
		{57FFA247-FD95-43AC-B109-9D652C606B6D}.AppStore|iPhoneSimulator.ActiveCfg = Release|Any CPU
		{57FFA247-FD95-43AC-B109-9D652C606B6D}.AppStore|iPhoneSimulator.Build.0 = Release|Any CPU
		{57FFA247-FD95-43AC-B109-9D652C606B6D}.AppStore|x64.ActiveCfg = Release|Any CPU
		{57FFA247-FD95-43AC-B109-9D652C606B6D}.AppStore|x64.Build.0 = Release|Any CPU
		{57FFA247-FD95-43AC-B109-9D652C606B6D}.AppStore|x86.ActiveCfg = Release|Any CPU
		{57FFA247-FD95-43AC-B109-9D652C606B6D}.AppStore|x86.Build.0 = Release|Any CPU
		{57FFA247-FD95-43AC-B109-9D652C606B6D}.Debug|Any CPU.ActiveCfg = Debug|Any CPU
		{57FFA247-FD95-43AC-B109-9D652C606B6D}.Debug|Any CPU.Build.0 = Debug|Any CPU
		{57FFA247-FD95-43AC-B109-9D652C606B6D}.Debug|ARM.ActiveCfg = Debug|Any CPU
		{57FFA247-FD95-43AC-B109-9D652C606B6D}.Debug|ARM.Build.0 = Debug|Any CPU
		{57FFA247-FD95-43AC-B109-9D652C606B6D}.Debug|iPhone.ActiveCfg = Debug|Any CPU
		{57FFA247-FD95-43AC-B109-9D652C606B6D}.Debug|iPhone.Build.0 = Debug|Any CPU
		{57FFA247-FD95-43AC-B109-9D652C606B6D}.Debug|iPhoneSimulator.ActiveCfg = Debug|Any CPU
		{57FFA247-FD95-43AC-B109-9D652C606B6D}.Debug|iPhoneSimulator.Build.0 = Debug|Any CPU
		{57FFA247-FD95-43AC-B109-9D652C606B6D}.Debug|x64.ActiveCfg = Debug|Any CPU
		{57FFA247-FD95-43AC-B109-9D652C606B6D}.Debug|x64.Build.0 = Debug|Any CPU
		{57FFA247-FD95-43AC-B109-9D652C606B6D}.Debug|x86.ActiveCfg = Debug|Any CPU
		{57FFA247-FD95-43AC-B109-9D652C606B6D}.Debug|x86.Build.0 = Debug|Any CPU
		{57FFA247-FD95-43AC-B109-9D652C606B6D}.Release|Any CPU.ActiveCfg = Release|Any CPU
		{57FFA247-FD95-43AC-B109-9D652C606B6D}.Release|Any CPU.Build.0 = Release|Any CPU
		{57FFA247-FD95-43AC-B109-9D652C606B6D}.Release|ARM.ActiveCfg = Release|Any CPU
		{57FFA247-FD95-43AC-B109-9D652C606B6D}.Release|ARM.Build.0 = Release|Any CPU
		{57FFA247-FD95-43AC-B109-9D652C606B6D}.Release|iPhone.ActiveCfg = Release|Any CPU
		{57FFA247-FD95-43AC-B109-9D652C606B6D}.Release|iPhone.Build.0 = Release|Any CPU
		{57FFA247-FD95-43AC-B109-9D652C606B6D}.Release|iPhoneSimulator.ActiveCfg = Release|Any CPU
		{57FFA247-FD95-43AC-B109-9D652C606B6D}.Release|iPhoneSimulator.Build.0 = Release|Any CPU
		{57FFA247-FD95-43AC-B109-9D652C606B6D}.Release|x64.ActiveCfg = Release|Any CPU
		{57FFA247-FD95-43AC-B109-9D652C606B6D}.Release|x64.Build.0 = Release|Any CPU
		{57FFA247-FD95-43AC-B109-9D652C606B6D}.Release|x86.ActiveCfg = Release|Any CPU
		{57FFA247-FD95-43AC-B109-9D652C606B6D}.Release|x86.Build.0 = Release|Any CPU
		{747AA515-8748-46D6-A987-6BB7ABDC3879}.Ad-Hoc|Any CPU.ActiveCfg = Release|Any CPU
		{747AA515-8748-46D6-A987-6BB7ABDC3879}.Ad-Hoc|Any CPU.Build.0 = Release|Any CPU
		{747AA515-8748-46D6-A987-6BB7ABDC3879}.Ad-Hoc|ARM.ActiveCfg = Release|Any CPU
		{747AA515-8748-46D6-A987-6BB7ABDC3879}.Ad-Hoc|ARM.Build.0 = Release|Any CPU
		{747AA515-8748-46D6-A987-6BB7ABDC3879}.Ad-Hoc|iPhone.ActiveCfg = Release|Any CPU
		{747AA515-8748-46D6-A987-6BB7ABDC3879}.Ad-Hoc|iPhone.Build.0 = Release|Any CPU
		{747AA515-8748-46D6-A987-6BB7ABDC3879}.Ad-Hoc|iPhoneSimulator.ActiveCfg = Release|Any CPU
		{747AA515-8748-46D6-A987-6BB7ABDC3879}.Ad-Hoc|iPhoneSimulator.Build.0 = Release|Any CPU
		{747AA515-8748-46D6-A987-6BB7ABDC3879}.Ad-Hoc|x64.ActiveCfg = Release|Any CPU
		{747AA515-8748-46D6-A987-6BB7ABDC3879}.Ad-Hoc|x64.Build.0 = Release|Any CPU
		{747AA515-8748-46D6-A987-6BB7ABDC3879}.Ad-Hoc|x86.ActiveCfg = Release|Any CPU
		{747AA515-8748-46D6-A987-6BB7ABDC3879}.Ad-Hoc|x86.Build.0 = Release|Any CPU
		{747AA515-8748-46D6-A987-6BB7ABDC3879}.AppStore|Any CPU.ActiveCfg = Release|Any CPU
		{747AA515-8748-46D6-A987-6BB7ABDC3879}.AppStore|Any CPU.Build.0 = Release|Any CPU
		{747AA515-8748-46D6-A987-6BB7ABDC3879}.AppStore|ARM.ActiveCfg = Release|Any CPU
		{747AA515-8748-46D6-A987-6BB7ABDC3879}.AppStore|ARM.Build.0 = Release|Any CPU
		{747AA515-8748-46D6-A987-6BB7ABDC3879}.AppStore|iPhone.ActiveCfg = Release|Any CPU
		{747AA515-8748-46D6-A987-6BB7ABDC3879}.AppStore|iPhone.Build.0 = Release|Any CPU
		{747AA515-8748-46D6-A987-6BB7ABDC3879}.AppStore|iPhoneSimulator.ActiveCfg = Release|Any CPU
		{747AA515-8748-46D6-A987-6BB7ABDC3879}.AppStore|iPhoneSimulator.Build.0 = Release|Any CPU
		{747AA515-8748-46D6-A987-6BB7ABDC3879}.AppStore|x64.ActiveCfg = Release|Any CPU
		{747AA515-8748-46D6-A987-6BB7ABDC3879}.AppStore|x64.Build.0 = Release|Any CPU
		{747AA515-8748-46D6-A987-6BB7ABDC3879}.AppStore|x86.ActiveCfg = Release|Any CPU
		{747AA515-8748-46D6-A987-6BB7ABDC3879}.AppStore|x86.Build.0 = Release|Any CPU
		{747AA515-8748-46D6-A987-6BB7ABDC3879}.Debug|Any CPU.ActiveCfg = Debug|Any CPU
		{747AA515-8748-46D6-A987-6BB7ABDC3879}.Debug|Any CPU.Build.0 = Debug|Any CPU
		{747AA515-8748-46D6-A987-6BB7ABDC3879}.Debug|ARM.ActiveCfg = Debug|Any CPU
		{747AA515-8748-46D6-A987-6BB7ABDC3879}.Debug|ARM.Build.0 = Debug|Any CPU
		{747AA515-8748-46D6-A987-6BB7ABDC3879}.Debug|iPhone.ActiveCfg = Debug|Any CPU
		{747AA515-8748-46D6-A987-6BB7ABDC3879}.Debug|iPhone.Build.0 = Debug|Any CPU
		{747AA515-8748-46D6-A987-6BB7ABDC3879}.Debug|iPhoneSimulator.ActiveCfg = Debug|Any CPU
		{747AA515-8748-46D6-A987-6BB7ABDC3879}.Debug|iPhoneSimulator.Build.0 = Debug|Any CPU
		{747AA515-8748-46D6-A987-6BB7ABDC3879}.Debug|x64.ActiveCfg = Debug|Any CPU
		{747AA515-8748-46D6-A987-6BB7ABDC3879}.Debug|x64.Build.0 = Debug|Any CPU
		{747AA515-8748-46D6-A987-6BB7ABDC3879}.Debug|x86.ActiveCfg = Debug|Any CPU
		{747AA515-8748-46D6-A987-6BB7ABDC3879}.Debug|x86.Build.0 = Debug|Any CPU
		{747AA515-8748-46D6-A987-6BB7ABDC3879}.Release|Any CPU.ActiveCfg = Release|Any CPU
		{747AA515-8748-46D6-A987-6BB7ABDC3879}.Release|Any CPU.Build.0 = Release|Any CPU
		{747AA515-8748-46D6-A987-6BB7ABDC3879}.Release|ARM.ActiveCfg = Release|Any CPU
		{747AA515-8748-46D6-A987-6BB7ABDC3879}.Release|ARM.Build.0 = Release|Any CPU
		{747AA515-8748-46D6-A987-6BB7ABDC3879}.Release|iPhone.ActiveCfg = Release|Any CPU
		{747AA515-8748-46D6-A987-6BB7ABDC3879}.Release|iPhone.Build.0 = Release|Any CPU
		{747AA515-8748-46D6-A987-6BB7ABDC3879}.Release|iPhoneSimulator.ActiveCfg = Release|Any CPU
		{747AA515-8748-46D6-A987-6BB7ABDC3879}.Release|iPhoneSimulator.Build.0 = Release|Any CPU
		{747AA515-8748-46D6-A987-6BB7ABDC3879}.Release|x64.ActiveCfg = Release|Any CPU
		{747AA515-8748-46D6-A987-6BB7ABDC3879}.Release|x64.Build.0 = Release|Any CPU
		{747AA515-8748-46D6-A987-6BB7ABDC3879}.Release|x86.ActiveCfg = Release|Any CPU
		{747AA515-8748-46D6-A987-6BB7ABDC3879}.Release|x86.Build.0 = Release|Any CPU
	EndGlobalSection
	GlobalSection(SolutionProperties) = preSolution
		HideSolutionNode = FALSE
	EndGlobalSection
	GlobalSection(NestedProjects) = preSolution
		{02EB0A0A-4DF0-46E0-AACE-D7CB8069D602} = {7B60BE9F-107D-4C7C-BE65-4124EAFE6890}
		{3F291831-6DD6-4FB0-BB10-A5BF26510881} = {7B60BE9F-107D-4C7C-BE65-4124EAFE6890}
		{83E0AED6-609C-4725-A461-F708B24C0E5B} = {AED642EF-1DDD-4E36-89EE-4D21025E6B06}
		{6F5682DD-80E1-4096-8544-25A74C619865} = {AED642EF-1DDD-4E36-89EE-4D21025E6B06}
		{4DBE1318-BBB7-451F-BEF1-7D48A74F8BAD} = {AED642EF-1DDD-4E36-89EE-4D21025E6B06}
		{A9003977-A981-4492-AE7D-36F19920487B} = {29527950-7963-4AF4-8F3D-08FEFEF342B5}
		{57FFA247-FD95-43AC-B109-9D652C606B6D} = {FA5EECD7-ED8C-4325-A341-B235D54DDFAC}
		{747AA515-8748-46D6-A987-6BB7ABDC3879} = {FA5EECD7-ED8C-4325-A341-B235D54DDFAC}
	EndGlobalSection
EndGlobal
