
Microsoft Visual Studio Solution File, Format Version 12.00
# Visual Studio 14
VisualStudioVersion = 14.0.25123.0
MinimumVisualStudioVersion = 10.0.40219.1
Project("{FAE04EC0-301F-11D3-BF4B-00C04F79EFBC}") = "Garage.Console", "Garage.Console\Garage.Console.csproj", "{D2A9F15C-C58E-46B6-AD82-7581A76727CB}"
EndProject
Project("{2150E333-8FDC-42A3-9474-1A3956D46DE8}") = "DataAccessLayer", "DataAccessLayer", "{FA5EECD7-ED8C-4325-A341-B235D54DDFAC}"
EndProject
Project("{2150E333-8FDC-42A3-9474-1A3956D46DE8}") = "BusinessLogicLayer", "BusinessLogicLayer", "{29527950-7963-4AF4-8F3D-08FEFEF342B5}"
EndProject
Project("{2150E333-8FDC-42A3-9474-1A3956D46DE8}") = "RepresentationLayer", "RepresentationLayer", "{AED642EF-1DDD-4E36-89EE-4D21025E6B06}"
EndProject
Project("{2150E333-8FDC-42A3-9474-1A3956D46DE8}") = "Tests", "Tests", "{7B60BE9F-107D-4C7C-BE65-4124EAFE6890}"
EndProject
Project("{FAE04EC0-301F-11D3-BF4B-00C04F79EFBC}") = "Garage.DAL.Entities", "Garage.DAL.Entities\Garage.DAL.Entities.csproj", "{07E76A73-9D09-452B-99CD-74D73DC72DBC}"
EndProject
Project("{FAE04EC0-301F-11D3-BF4B-00C04F79EFBC}") = "Garage.DAL.Services", "Garage.DAL.Services\Garage.DAL.Services.csproj", "{E31D001A-73AB-458E-B3CE-E93BC75DD9F2}"
EndProject
Project("{FAE04EC0-301F-11D3-BF4B-00C04F79EFBC}") = "Garage.BLL.Services", "Garage.BLL.Services\Garage.BLL.Services.csproj", "{B0EA355C-B1BE-4857-A8B7-E266A27581B0}"
EndProject
Project("{FAE04EC0-301F-11D3-BF4B-00C04F79EFBC}") = "Garage.DAL.ServicesTests", "Garage.DAL.ServicesTests\Garage.DAL.ServicesTests.csproj", "{02EB0A0A-4DF0-46E0-AACE-D7CB8069D602}"
EndProject
Project("{FAE04EC0-301F-11D3-BF4B-00C04F79EFBC}") = "Garage.BLL.ServicesTests", "Garage.BLL.ServicesTests\Garage.BLL.ServicesTests.csproj", "{3F291831-6DD6-4FB0-BB10-A5BF26510881}"
EndProject
Global
	GlobalSection(SolutionConfigurationPlatforms) = preSolution
		Debug|Any CPU = Debug|Any CPU
		Release|Any CPU = Release|Any CPU
	EndGlobalSection
	GlobalSection(ProjectConfigurationPlatforms) = postSolution
		{D2A9F15C-C58E-46B6-AD82-7581A76727CB}.Debug|Any CPU.ActiveCfg = Debug|Any CPU
		{D2A9F15C-C58E-46B6-AD82-7581A76727CB}.Debug|Any CPU.Build.0 = Debug|Any CPU
		{D2A9F15C-C58E-46B6-AD82-7581A76727CB}.Release|Any CPU.ActiveCfg = Release|Any CPU
		{D2A9F15C-C58E-46B6-AD82-7581A76727CB}.Release|Any CPU.Build.0 = Release|Any CPU
		{07E76A73-9D09-452B-99CD-74D73DC72DBC}.Debug|Any CPU.ActiveCfg = Debug|Any CPU
		{07E76A73-9D09-452B-99CD-74D73DC72DBC}.Debug|Any CPU.Build.0 = Debug|Any CPU
		{07E76A73-9D09-452B-99CD-74D73DC72DBC}.Release|Any CPU.ActiveCfg = Release|Any CPU
		{07E76A73-9D09-452B-99CD-74D73DC72DBC}.Release|Any CPU.Build.0 = Release|Any CPU
		{E31D001A-73AB-458E-B3CE-E93BC75DD9F2}.Debug|Any CPU.ActiveCfg = Debug|Any CPU
		{E31D001A-73AB-458E-B3CE-E93BC75DD9F2}.Debug|Any CPU.Build.0 = Debug|Any CPU
		{E31D001A-73AB-458E-B3CE-E93BC75DD9F2}.Release|Any CPU.ActiveCfg = Release|Any CPU
		{E31D001A-73AB-458E-B3CE-E93BC75DD9F2}.Release|Any CPU.Build.0 = Release|Any CPU
		{B0EA355C-B1BE-4857-A8B7-E266A27581B0}.Debug|Any CPU.ActiveCfg = Debug|Any CPU
		{B0EA355C-B1BE-4857-A8B7-E266A27581B0}.Debug|Any CPU.Build.0 = Debug|Any CPU
		{B0EA355C-B1BE-4857-A8B7-E266A27581B0}.Release|Any CPU.ActiveCfg = Release|Any CPU
		{B0EA355C-B1BE-4857-A8B7-E266A27581B0}.Release|Any CPU.Build.0 = Release|Any CPU
		{02EB0A0A-4DF0-46E0-AACE-D7CB8069D602}.Debug|Any CPU.ActiveCfg = Debug|Any CPU
		{02EB0A0A-4DF0-46E0-AACE-D7CB8069D602}.Debug|Any CPU.Build.0 = Debug|Any CPU
		{02EB0A0A-4DF0-46E0-AACE-D7CB8069D602}.Release|Any CPU.ActiveCfg = Release|Any CPU
		{02EB0A0A-4DF0-46E0-AACE-D7CB8069D602}.Release|Any CPU.Build.0 = Release|Any CPU
		{3F291831-6DD6-4FB0-BB10-A5BF26510881}.Debug|Any CPU.ActiveCfg = Debug|Any CPU
		{3F291831-6DD6-4FB0-BB10-A5BF26510881}.Debug|Any CPU.Build.0 = Debug|Any CPU
		{3F291831-6DD6-4FB0-BB10-A5BF26510881}.Release|Any CPU.ActiveCfg = Release|Any CPU
		{3F291831-6DD6-4FB0-BB10-A5BF26510881}.Release|Any CPU.Build.0 = Release|Any CPU
	EndGlobalSection
	GlobalSection(SolutionProperties) = preSolution
		HideSolutionNode = FALSE
	EndGlobalSection
	GlobalSection(NestedProjects) = preSolution
		{07E76A73-9D09-452B-99CD-74D73DC72DBC} = {FA5EECD7-ED8C-4325-A341-B235D54DDFAC}
		{E31D001A-73AB-458E-B3CE-E93BC75DD9F2} = {FA5EECD7-ED8C-4325-A341-B235D54DDFAC}
		{B0EA355C-B1BE-4857-A8B7-E266A27581B0} = {29527950-7963-4AF4-8F3D-08FEFEF342B5}
		{02EB0A0A-4DF0-46E0-AACE-D7CB8069D602} = {7B60BE9F-107D-4C7C-BE65-4124EAFE6890}
		{3F291831-6DD6-4FB0-BB10-A5BF26510881} = {7B60BE9F-107D-4C7C-BE65-4124EAFE6890}
	EndGlobalSection
EndGlobal
